{
  "originHash" : "e9022dc1cf585bd961019da72efba1cbe7f4b5e47cc33a802564486d5fe6133f",
  "pins" : [
    {
      "identity" : "swift-toml",
      "kind" : "remoteSourceControl",
      "location" : "https://github.com/mattt/swift-toml.git",
      "state" : {
        "revision" : "827506c90475e82d5a7f191f950fb3025cbdc0d6",
        "version" : "2.0.0"
      }
    }
  ],
  "version" : 3
}
